
Microsoft Visual Studio Solution File, Format Version 12.00
# Visual Studio 2013
Project("{FAE04EC0-301F-11D3-BF4B-00C04F79EFBC}") = "UnityVS.seisyun.CSharp.Plugins", "UnityVS.seisyun.CSharp.Plugins.csproj", "{0DF332FA-2F34-24A8-C36B-88543E70623B}"
EndProject
Project("{FAE04EC0-301F-11D3-BF4B-00C04F79EFBC}") = "UnityVS.seisyun.CSharp", "UnityVS.seisyun.CSharp.csproj", "{31ECB249-1B66-15BE-F756-8235D51F7482}"
EndProject
Project("{FAE04EC0-301F-11D3-BF4B-00C04F79EFBC}") = "UnityVS.seisyun.CSharp.Editor", "UnityVS.seisyun.CSharp.Editor.csproj", "{97101F10-3E4A-4B73-CFE1-9CEBBA912793}"
EndProject
Global
	GlobalSection(SolutionConfigurationPlatforms) = preSolution
		Debug|Any CPU = Debug|Any CPU
		Release|Any CPU = Release|Any CPU
	EndGlobalSection
	GlobalSection(ProjectConfigurationPlatforms) = postSolution
		{0DF332FA-2F34-24A8-C36B-88543E70623B}.Debug|Any CPU.ActiveCfg = Debug|Any CPU
		{0DF332FA-2F34-24A8-C36B-88543E70623B}.Debug|Any CPU.Build.0 = Debug|Any CPU
		{0DF332FA-2F34-24A8-C36B-88543E70623B}.Release|Any CPU.ActiveCfg = Release|Any CPU
		{0DF332FA-2F34-24A8-C36B-88543E70623B}.Release|Any CPU.Build.0 = Release|Any CPU
		{31ECB249-1B66-15BE-F756-8235D51F7482}.Debug|Any CPU.ActiveCfg = Debug|Any CPU
		{31ECB249-1B66-15BE-F756-8235D51F7482}.Debug|Any CPU.Build.0 = Debug|Any CPU
		{31ECB249-1B66-15BE-F756-8235D51F7482}.Release|Any CPU.ActiveCfg = Release|Any CPU
		{31ECB249-1B66-15BE-F756-8235D51F7482}.Release|Any CPU.Build.0 = Release|Any CPU
		{97101F10-3E4A-4B73-CFE1-9CEBBA912793}.Debug|Any CPU.ActiveCfg = Debug|Any CPU
		{97101F10-3E4A-4B73-CFE1-9CEBBA912793}.Debug|Any CPU.Build.0 = Debug|Any CPU
		{97101F10-3E4A-4B73-CFE1-9CEBBA912793}.Release|Any CPU.ActiveCfg = Release|Any CPU
		{97101F10-3E4A-4B73-CFE1-9CEBBA912793}.Release|Any CPU.Build.0 = Release|Any CPU
	EndGlobalSection
	GlobalSection(SolutionProperties) = preSolution
		HideSolutionNode = FALSE
	EndGlobalSection
EndGlobal
